// !$*UTF8*$!
{
	archiveVersion = 1;
	classes = {
	};
	objectVersion = 56;
	objects = {

/* Begin PBXBuildFile section */
		70CB35C02970585A005612E0 /* CategoryCell.swift in Sources */ = {isa = PBXBuildFile; fileRef = 70CB35BF2970585A005612E0 /* CategoryCell.swift */; };
		70CB35C229706B6B005612E0 /* NoteTaskSearchViewController.swift in Sources */ = {isa = PBXBuildFile; fileRef = 70CB35C129706B6B005612E0 /* NoteTaskSearchViewController.swift */; };
		AD7B431829747A1C008D1164 /* CategoryCustomView.swift in Sources */ = {isa = PBXBuildFile; fileRef = AD7B431729747A1C008D1164 /* CategoryCustomView.swift */; };
		AD7B431A29749C52008D1164 /* CustomImageView.swift in Sources */ = {isa = PBXBuildFile; fileRef = AD7B431929749C52008D1164 /* CustomImageView.swift */; };
		70F2B1862975302D00239EAC /* NoteNibTableViewCell.swift in Sources */ = {isa = PBXBuildFile; fileRef = 70F2B1842975302D00239EAC /* NoteNibTableViewCell.swift */; };
		70F2B1872975302D00239EAC /* NoteNibTableViewCell.xib in Resources */ = {isa = PBXBuildFile; fileRef = 70F2B1852975302D00239EAC /* NoteNibTableViewCell.xib */; };
		ADCDD667296F752300B30328 /* AppDelegate.swift in Sources */ = {isa = PBXBuildFile; fileRef = ADCDD666296F752300B30328 /* AppDelegate.swift */; };
		ADCDD669296F752300B30328 /* SceneDelegate.swift in Sources */ = {isa = PBXBuildFile; fileRef = ADCDD668296F752300B30328 /* SceneDelegate.swift */; };
		ADCDD66B296F752300B30328 /* ViewController.swift in Sources */ = {isa = PBXBuildFile; fileRef = ADCDD66A296F752300B30328 /* ViewController.swift */; };
		ADCDD66E296F752300B30328 /* Main.storyboard in Resources */ = {isa = PBXBuildFile; fileRef = ADCDD66C296F752300B30328 /* Main.storyboard */; };
		ADCDD670296F752400B30328 /* Assets.xcassets in Resources */ = {isa = PBXBuildFile; fileRef = ADCDD66F296F752400B30328 /* Assets.xcassets */; };
		ADCDD673296F752400B30328 /* LaunchScreen.storyboard in Resources */ = {isa = PBXBuildFile; fileRef = ADCDD671296F752400B30328 /* LaunchScreen.storyboard */; };
		ADCDD67C2970D2A400B30328 /* Note.swift in Sources */ = {isa = PBXBuildFile; fileRef = ADCDD67B2970D2A400B30328 /* Note.swift */; };
		F0D3026D29720940005DC42D /* NoteViewControler.swift in Sources */ = {isa = PBXBuildFile; fileRef = F0D3026C29720940005DC42D /* NoteViewControler.swift */; };
/* End PBXBuildFile section */

/* Begin PBXFileReference section */
		70CB35BF2970585A005612E0 /* CategoryCell.swift */ = {isa = PBXFileReference; lastKnownFileType = sourcecode.swift; path = CategoryCell.swift; sourceTree = "<group>"; };
		70CB35C129706B6B005612E0 /* NoteTaskSearchViewController.swift */ = {isa = PBXFileReference; lastKnownFileType = sourcecode.swift; path = NoteTaskSearchViewController.swift; sourceTree = "<group>"; };
		AD7B431729747A1C008D1164 /* CategoryCustomView.swift */ = {isa = PBXFileReference; lastKnownFileType = sourcecode.swift; path = CategoryCustomView.swift; sourceTree = "<group>"; };
		AD7B431929749C52008D1164 /* CustomImageView.swift */ = {isa = PBXFileReference; lastKnownFileType = sourcecode.swift; path = CustomImageView.swift; sourceTree = "<group>"; };
		70F2B1842975302D00239EAC /* NoteNibTableViewCell.swift */ = {isa = PBXFileReference; lastKnownFileType = sourcecode.swift; path = NoteNibTableViewCell.swift; sourceTree = "<group>"; };
		70F2B1852975302D00239EAC /* NoteNibTableViewCell.xib */ = {isa = PBXFileReference; lastKnownFileType = file.xib; path = NoteNibTableViewCell.xib; sourceTree = "<group>"; };
		ADCDD663296F752300B30328 /* TaskAppsAssasinsIOS.app */ = {isa = PBXFileReference; explicitFileType = wrapper.application; includeInIndex = 0; path = TaskAppsAssasinsIOS.app; sourceTree = BUILT_PRODUCTS_DIR; };
		ADCDD666296F752300B30328 /* AppDelegate.swift */ = {isa = PBXFileReference; lastKnownFileType = sourcecode.swift; path = AppDelegate.swift; sourceTree = "<group>"; };
		ADCDD668296F752300B30328 /* SceneDelegate.swift */ = {isa = PBXFileReference; lastKnownFileType = sourcecode.swift; path = SceneDelegate.swift; sourceTree = "<group>"; };
		ADCDD66A296F752300B30328 /* ViewController.swift */ = {isa = PBXFileReference; lastKnownFileType = sourcecode.swift; path = ViewController.swift; sourceTree = "<group>"; };
		ADCDD66D296F752300B30328 /* Base */ = {isa = PBXFileReference; lastKnownFileType = file.storyboard; name = Base; path = Base.lproj/Main.storyboard; sourceTree = "<group>"; };
		ADCDD66F296F752400B30328 /* Assets.xcassets */ = {isa = PBXFileReference; lastKnownFileType = folder.assetcatalog; path = Assets.xcassets; sourceTree = "<group>"; };
		ADCDD672296F752400B30328 /* Base */ = {isa = PBXFileReference; lastKnownFileType = file.storyboard; name = Base; path = Base.lproj/LaunchScreen.storyboard; sourceTree = "<group>"; };
		ADCDD674296F752400B30328 /* Info.plist */ = {isa = PBXFileReference; lastKnownFileType = text.plist.xml; path = Info.plist; sourceTree = "<group>"; };
		ADCDD67B2970D2A400B30328 /* Note.swift */ = {isa = PBXFileReference; lastKnownFileType = sourcecode.swift; path = Note.swift; sourceTree = "<group>"; };
		F0D3026C29720940005DC42D /* NoteViewControler.swift */ = {isa = PBXFileReference; lastKnownFileType = sourcecode.swift; path = NoteViewControler.swift; sourceTree = "<group>"; };
/* End PBXFileReference section */

/* Begin PBXFrameworksBuildPhase section */
		ADCDD660296F752300B30328 /* Frameworks */ = {
			isa = PBXFrameworksBuildPhase;
			buildActionMask = 2147483647;
			files = (
			);
			runOnlyForDeploymentPostprocessing = 0;
		};
/* End PBXFrameworksBuildPhase section */

/* Begin PBXGroup section */
		70CB3570296FE6ED005612E0 /* Model */ = {
			isa = PBXGroup;
			children = (
				ADCDD67B2970D2A400B30328 /* Note.swift */,
			);
			path = Model;
			sourceTree = "<group>";
		};
		70CB3571296FE6F6005612E0 /* View */ = {
			isa = PBXGroup;
			children = (
				ADCDD66C296F752300B30328 /* Main.storyboard */,
				AD7B431729747A1C008D1164 /* CategoryCustomView.swift */,
				AD7B431929749C52008D1164 /* CustomImageView.swift */,
			);
			path = View;
			sourceTree = "<group>";
		};
		70CB3572296FE6FB005612E0 /* Controller */ = {
			isa = PBXGroup;
			children = (
				ADCDD66A296F752300B30328 /* ViewController.swift */,
				70CB35BF2970585A005612E0 /* CategoryCell.swift */,
				70CB35C129706B6B005612E0 /* NoteTaskSearchViewController.swift */,
				F0D3026C29720940005DC42D /* NoteViewControler.swift */,
			);
			path = Controller;
			sourceTree = "<group>";
		};
		ADCDD65A296F752300B30328 = {
			isa = PBXGroup;
			children = (
				ADCDD665296F752300B30328 /* TaskAppsAssasinsIOS */,
				ADCDD664296F752300B30328 /* Products */,
			);
			sourceTree = "<group>";
		};
		ADCDD664296F752300B30328 /* Products */ = {
			isa = PBXGroup;
			children = (
				ADCDD663296F752300B30328 /* TaskAppsAssasinsIOS.app */,
			);
			name = Products;
			sourceTree = "<group>";
		};
		ADCDD665296F752300B30328 /* TaskAppsAssasinsIOS */ = {
			isa = PBXGroup;
			children = (
				70CB3572296FE6FB005612E0 /* Controller */,
				70CB3571296FE6F6005612E0 /* View */,
				70CB3570296FE6ED005612E0 /* Model */,
				ADCDD666296F752300B30328 /* AppDelegate.swift */,
				ADCDD668296F752300B30328 /* SceneDelegate.swift */,
				ADCDD66F296F752400B30328 /* Assets.xcassets */,
				ADCDD671296F752400B30328 /* LaunchScreen.storyboard */,
				ADCDD674296F752400B30328 /* Info.plist */,
				70F2B1842975302D00239EAC /* NoteNibTableViewCell.swift */,
				70F2B1852975302D00239EAC /* NoteNibTableViewCell.xib */,
			);
			path = TaskAppsAssasinsIOS;
			sourceTree = "<group>";
		};
/* End PBXGroup section */

/* Begin PBXNativeTarget section */
		ADCDD662296F752300B30328 /* TaskAppsAssasinsIOS */ = {
			isa = PBXNativeTarget;
			buildConfigurationList = ADCDD677296F752400B30328 /* Build configuration list for PBXNativeTarget "TaskAppsAssasinsIOS" */;
			buildPhases = (
				ADCDD65F296F752300B30328 /* Sources */,
				ADCDD660296F752300B30328 /* Frameworks */,
				ADCDD661296F752300B30328 /* Resources */,
			);
			buildRules = (
			);
			dependencies = (
			);
			name = TaskAppsAssasinsIOS;
			productName = TaskAppsAssasinsIOS;
			productReference = ADCDD663296F752300B30328 /* TaskAppsAssasinsIOS.app */;
			productType = "com.apple.product-type.application";
		};
/* End PBXNativeTarget section */

/* Begin PBXProject section */
		ADCDD65B296F752300B30328 /* Project object */ = {
			isa = PBXProject;
			attributes = {
				BuildIndependentTargetsInParallel = 1;
				LastSwiftUpdateCheck = 1420;
				LastUpgradeCheck = 1420;
				TargetAttributes = {
					ADCDD662296F752300B30328 = {
						CreatedOnToolsVersion = 14.2;
					};
				};
			};
			buildConfigurationList = ADCDD65E296F752300B30328 /* Build configuration list for PBXProject "TaskAppsAssasinsIOS" */;
			compatibilityVersion = "Xcode 14.0";
			developmentRegion = en;
			hasScannedForEncodings = 0;
			knownRegions = (
				en,
				Base,
			);
			mainGroup = ADCDD65A296F752300B30328;
			productRefGroup = ADCDD664296F752300B30328 /* Products */;
			projectDirPath = "";
			projectRoot = "";
			targets = (
				ADCDD662296F752300B30328 /* TaskAppsAssasinsIOS */,
			);
		};
/* End PBXProject section */

/* Begin PBXResourcesBuildPhase section */
		ADCDD661296F752300B30328 /* Resources */ = {
			isa = PBXResourcesBuildPhase;
			buildActionMask = 2147483647;
			files = (
				ADCDD673296F752400B30328 /* LaunchScreen.storyboard in Resources */,
				ADCDD670296F752400B30328 /* Assets.xcassets in Resources */,
				ADCDD66E296F752300B30328 /* Main.storyboard in Resources */,
				70F2B1872975302D00239EAC /* NoteNibTableViewCell.xib in Resources */,
			);
			runOnlyForDeploymentPostprocessing = 0;
		};
/* End PBXResourcesBuildPhase section */

/* Begin PBXSourcesBuildPhase section */
		ADCDD65F296F752300B30328 /* Sources */ = {
			isa = PBXSourcesBuildPhase;
			buildActionMask = 2147483647;
			files = (
				ADCDD66B296F752300B30328 /* ViewController.swift in Sources */,
				AD7B431A29749C52008D1164 /* CustomImageView.swift in Sources */,
				ADCDD667296F752300B30328 /* AppDelegate.swift in Sources */,
				ADCDD669296F752300B30328 /* SceneDelegate.swift in Sources */,
				70CB35C02970585A005612E0 /* CategoryCell.swift in Sources */,
				70CB35C229706B6B005612E0 /* NoteTaskSearchViewController.swift in Sources */,
				F0D3026D29720940005DC42D /* NoteViewControler.swift in Sources */,
				ADCDD67C2970D2A400B30328 /* Note.swift in Sources */,
				AD7B431829747A1C008D1164 /* CategoryCustomView.swift in Sources */,
				70F2B1862975302D00239EAC /* NoteNibTableViewCell.swift in Sources */,
			);
			runOnlyForDeploymentPostprocessing = 0;
		};
/* End PBXSourcesBuildPhase section */

/* Begin PBXVariantGroup section */
		ADCDD66C296F752300B30328 /* Main.storyboard */ = {
			isa = PBXVariantGroup;
			children = (
				ADCDD66D296F752300B30328 /* Base */,
			);
			name = Main.storyboard;
			sourceTree = "<group>";
		};
		ADCDD671296F752400B30328 /* LaunchScreen.storyboard */ = {
			isa = PBXVariantGroup;
			children = (
				ADCDD672296F752400B30328 /* Base */,
			);
			name = LaunchScreen.storyboard;
			sourceTree = "<group>";
		};
/* End PBXVariantGroup section */

/* Begin XCBuildConfiguration section */
		ADCDD675296F752400B30328 /* Debug */ = {
			isa = XCBuildConfiguration;
			buildSettings = {
				ALWAYS_SEARCH_USER_PATHS = NO;
				CLANG_ANALYZER_NONNULL = YES;
				CLANG_ANALYZER_NUMBER_OBJECT_CONVERSION = YES_AGGRESSIVE;
				CLANG_CXX_LANGUAGE_STANDARD = "gnu++20";
				CLANG_ENABLE_MODULES = YES;
				CLANG_ENABLE_OBJC_ARC = YES;
				CLANG_ENABLE_OBJC_WEAK = YES;
				CLANG_WARN_BLOCK_CAPTURE_AUTORELEASING = YES;
				CLANG_WARN_BOOL_CONVERSION = YES;
				CLANG_WARN_COMMA = YES;
				CLANG_WARN_CONSTANT_CONVERSION = YES;
				CLANG_WARN_DEPRECATED_OBJC_IMPLEMENTATIONS = YES;
				CLANG_WARN_DIRECT_OBJC_ISA_USAGE = YES_ERROR;
				CLANG_WARN_DOCUMENTATION_COMMENTS = YES;
				CLANG_WARN_EMPTY_BODY = YES;
				CLANG_WARN_ENUM_CONVERSION = YES;
				CLANG_WARN_INFINITE_RECURSION = YES;
				CLANG_WARN_INT_CONVERSION = YES;
				CLANG_WARN_NON_LITERAL_NULL_CONVERSION = YES;
				CLANG_WARN_OBJC_IMPLICIT_RETAIN_SELF = YES;
				CLANG_WARN_OBJC_LITERAL_CONVERSION = YES;
				CLANG_WARN_OBJC_ROOT_CLASS = YES_ERROR;
				CLANG_WARN_QUOTED_INCLUDE_IN_FRAMEWORK_HEADER = YES;
				CLANG_WARN_RANGE_LOOP_ANALYSIS = YES;
				CLANG_WARN_STRICT_PROTOTYPES = YES;
				CLANG_WARN_SUSPICIOUS_MOVE = YES;
				CLANG_WARN_UNGUARDED_AVAILABILITY = YES_AGGRESSIVE;
				CLANG_WARN_UNREACHABLE_CODE = YES;
				CLANG_WARN__DUPLICATE_METHOD_MATCH = YES;
				COPY_PHASE_STRIP = NO;
				DEBUG_INFORMATION_FORMAT = dwarf;
				ENABLE_STRICT_OBJC_MSGSEND = YES;
				ENABLE_TESTABILITY = YES;
				GCC_C_LANGUAGE_STANDARD = gnu11;
				GCC_DYNAMIC_NO_PIC = NO;
				GCC_NO_COMMON_BLOCKS = YES;
				GCC_OPTIMIZATION_LEVEL = 0;
				GCC_PREPROCESSOR_DEFINITIONS = (
					"DEBUG=1",
					"$(inherited)",
				);
				GCC_WARN_64_TO_32_BIT_CONVERSION = YES;
				GCC_WARN_ABOUT_RETURN_TYPE = YES_ERROR;
				GCC_WARN_UNDECLARED_SELECTOR = YES;
				GCC_WARN_UNINITIALIZED_AUTOS = YES_AGGRESSIVE;
				GCC_WARN_UNUSED_FUNCTION = YES;
				GCC_WARN_UNUSED_VARIABLE = YES;
				IPHONEOS_DEPLOYMENT_TARGET = 16.2;
				MTL_ENABLE_DEBUG_INFO = INCLUDE_SOURCE;
				MTL_FAST_MATH = YES;
				ONLY_ACTIVE_ARCH = YES;
				SDKROOT = iphoneos;
				SWIFT_ACTIVE_COMPILATION_CONDITIONS = DEBUG;
				SWIFT_OPTIMIZATION_LEVEL = "-Onone";
			};
			name = Debug;
		};
		ADCDD676296F752400B30328 /* Release */ = {
			isa = XCBuildConfiguration;
			buildSettings = {
				ALWAYS_SEARCH_USER_PATHS = NO;
				CLANG_ANALYZER_NONNULL = YES;
				CLANG_ANALYZER_NUMBER_OBJECT_CONVERSION = YES_AGGRESSIVE;
				CLANG_CXX_LANGUAGE_STANDARD = "gnu++20";
				CLANG_ENABLE_MODULES = YES;
				CLANG_ENABLE_OBJC_ARC = YES;
				CLANG_ENABLE_OBJC_WEAK = YES;
				CLANG_WARN_BLOCK_CAPTURE_AUTORELEASING = YES;
				CLANG_WARN_BOOL_CONVERSION = YES;
				CLANG_WARN_COMMA = YES;
				CLANG_WARN_CONSTANT_CONVERSION = YES;
				CLANG_WARN_DEPRECATED_OBJC_IMPLEMENTATIONS = YES;
				CLANG_WARN_DIRECT_OBJC_ISA_USAGE = YES_ERROR;
				CLANG_WARN_DOCUMENTATION_COMMENTS = YES;
				CLANG_WARN_EMPTY_BODY = YES;
				CLANG_WARN_ENUM_CONVERSION = YES;
				CLANG_WARN_INFINITE_RECURSION = YES;
				CLANG_WARN_INT_CONVERSION = YES;
				CLANG_WARN_NON_LITERAL_NULL_CONVERSION = YES;
				CLANG_WARN_OBJC_IMPLICIT_RETAIN_SELF = YES;
				CLANG_WARN_OBJC_LITERAL_CONVERSION = YES;
				CLANG_WARN_OBJC_ROOT_CLASS = YES_ERROR;
				CLANG_WARN_QUOTED_INCLUDE_IN_FRAMEWORK_HEADER = YES;
				CLANG_WARN_RANGE_LOOP_ANALYSIS = YES;
				CLANG_WARN_STRICT_PROTOTYPES = YES;
				CLANG_WARN_SUSPICIOUS_MOVE = YES;
				CLANG_WARN_UNGUARDED_AVAILABILITY = YES_AGGRESSIVE;
				CLANG_WARN_UNREACHABLE_CODE = YES;
				CLANG_WARN__DUPLICATE_METHOD_MATCH = YES;
				COPY_PHASE_STRIP = NO;
				DEBUG_INFORMATION_FORMAT = "dwarf-with-dsym";
				ENABLE_NS_ASSERTIONS = NO;
				ENABLE_STRICT_OBJC_MSGSEND = YES;
				GCC_C_LANGUAGE_STANDARD = gnu11;
				GCC_NO_COMMON_BLOCKS = YES;
				GCC_WARN_64_TO_32_BIT_CONVERSION = YES;
				GCC_WARN_ABOUT_RETURN_TYPE = YES_ERROR;
				GCC_WARN_UNDECLARED_SELECTOR = YES;
				GCC_WARN_UNINITIALIZED_AUTOS = YES_AGGRESSIVE;
				GCC_WARN_UNUSED_FUNCTION = YES;
				GCC_WARN_UNUSED_VARIABLE = YES;
				IPHONEOS_DEPLOYMENT_TARGET = 16.2;
				MTL_ENABLE_DEBUG_INFO = NO;
				MTL_FAST_MATH = YES;
				SDKROOT = iphoneos;
				SWIFT_COMPILATION_MODE = wholemodule;
				SWIFT_OPTIMIZATION_LEVEL = "-O";
				VALIDATE_PRODUCT = YES;
			};
			name = Release;
		};
		ADCDD678296F752400B30328 /* Debug */ = {
			isa = XCBuildConfiguration;
			buildSettings = {
				ASSETCATALOG_COMPILER_APPICON_NAME = AppIcon;
				ASSETCATALOG_COMPILER_GLOBAL_ACCENT_COLOR_NAME = AccentColor;
				CODE_SIGN_STYLE = Automatic;
				CURRENT_PROJECT_VERSION = 1;
				DEVELOPMENT_TEAM = FEJDM95844;
				GENERATE_INFOPLIST_FILE = YES;
				INFOPLIST_FILE = TaskAppsAssasinsIOS/Info.plist;
				INFOPLIST_KEY_UIApplicationSupportsIndirectInputEvents = YES;
				INFOPLIST_KEY_UILaunchStoryboardName = LaunchScreen;
				INFOPLIST_KEY_UIMainStoryboardFile = Main;
				INFOPLIST_KEY_UISupportedInterfaceOrientations_iPad = "UIInterfaceOrientationPortrait UIInterfaceOrientationPortraitUpsideDown UIInterfaceOrientationLandscapeLeft UIInterfaceOrientationLandscapeRight";
				INFOPLIST_KEY_UISupportedInterfaceOrientations_iPhone = "UIInterfaceOrientationPortrait UIInterfaceOrientationLandscapeLeft UIInterfaceOrientationLandscapeRight";
				IPHONEOS_DEPLOYMENT_TARGET = 16.0;
				LD_RUNPATH_SEARCH_PATHS = (
					"$(inherited)",
					"@executable_path/Frameworks",
				);
				MARKETING_VERSION = 1.0;
				PRODUCT_BUNDLE_IDENTIFIER = com.apps.assassins.TaskAppsAssasinsIOS;
				PRODUCT_NAME = "$(TARGET_NAME)";
				SWIFT_EMIT_LOC_STRINGS = YES;
				SWIFT_VERSION = 5.0;
				TARGETED_DEVICE_FAMILY = "1,2";
			};
			name = Debug;
		};
		ADCDD679296F752400B30328 /* Release */ = {
			isa = XCBuildConfiguration;
			buildSettings = {
				ASSETCATALOG_COMPILER_APPICON_NAME = AppIcon;
				ASSETCATALOG_COMPILER_GLOBAL_ACCENT_COLOR_NAME = AccentColor;
				CODE_SIGN_STYLE = Automatic;
				CURRENT_PROJECT_VERSION = 1;
				DEVELOPMENT_TEAM = FEJDM95844;
				GENERATE_INFOPLIST_FILE = YES;
				INFOPLIST_FILE = TaskAppsAssasinsIOS/Info.plist;
				INFOPLIST_KEY_UIApplicationSupportsIndirectInputEvents = YES;
				INFOPLIST_KEY_UILaunchStoryboardName = LaunchScreen;
				INFOPLIST_KEY_UIMainStoryboardFile = Main;
				INFOPLIST_KEY_UISupportedInterfaceOrientations_iPad = "UIInterfaceOrientationPortrait UIInterfaceOrientationPortraitUpsideDown UIInterfaceOrientationLandscapeLeft UIInterfaceOrientationLandscapeRight";
				INFOPLIST_KEY_UISupportedInterfaceOrientations_iPhone = "UIInterfaceOrientationPortrait UIInterfaceOrientationLandscapeLeft UIInterfaceOrientationLandscapeRight";
				IPHONEOS_DEPLOYMENT_TARGET = 16.0;
				LD_RUNPATH_SEARCH_PATHS = (
					"$(inherited)",
					"@executable_path/Frameworks",
				);
				MARKETING_VERSION = 1.0;
				PRODUCT_BUNDLE_IDENTIFIER = com.apps.assassins.TaskAppsAssasinsIOS;
				PRODUCT_NAME = "$(TARGET_NAME)";
				SWIFT_EMIT_LOC_STRINGS = YES;
				SWIFT_VERSION = 5.0;
				TARGETED_DEVICE_FAMILY = "1,2";
			};
			name = Release;
		};
/* End XCBuildConfiguration section */

/* Begin XCConfigurationList section */
		ADCDD65E296F752300B30328 /* Build configuration list for PBXProject "TaskAppsAssasinsIOS" */ = {
			isa = XCConfigurationList;
			buildConfigurations = (
				ADCDD675296F752400B30328 /* Debug */,
				ADCDD676296F752400B30328 /* Release */,
			);
			defaultConfigurationIsVisible = 0;
			defaultConfigurationName = Release;
		};
		ADCDD677296F752400B30328 /* Build configuration list for PBXNativeTarget "TaskAppsAssasinsIOS" */ = {
			isa = XCConfigurationList;
			buildConfigurations = (
				ADCDD678296F752400B30328 /* Debug */,
				ADCDD679296F752400B30328 /* Release */,
			);
			defaultConfigurationIsVisible = 0;
			defaultConfigurationName = Release;
		};
/* End XCConfigurationList section */
	};
	rootObject = ADCDD65B296F752300B30328 /* Project object */;
}
